// !$*UTF8*$!
{
	archiveVersion = 1;
	classes = {
	};
	objectVersion = 46;
	objects = {

/* Begin PBXBuildFile section */
		3A83FCF01FCFDE4B00692611 /* main.m in Sources */ = {isa = PBXBuildFile; fileRef = 3A83FCEF1FCFDE4B00692611 /* main.m */; };
		3A83FCF31FCFDE4B00692611 /* AppDelegate.m in Sources */ = {isa = PBXBuildFile; fileRef = 3A83FCF21FCFDE4B00692611 /* AppDelegate.m */; };
		3A83FCF61FCFDE4B00692611 /* ViewController.m in Sources */ = {isa = PBXBuildFile; fileRef = 3A83FCF51FCFDE4B00692611 /* ViewController.m */; };
		3A83FCF91FCFDE4B00692611 /* Main.storyboard in Resources */ = {isa = PBXBuildFile; fileRef = 3A83FCF71FCFDE4B00692611 /* Main.storyboard */; };
		3A83FCFB1FCFDE4B00692611 /* Assets.xcassets in Resources */ = {isa = PBXBuildFile; fileRef = 3A83FCFA1FCFDE4B00692611 /* Assets.xcassets */; };
		3A83FCFE1FCFDE4B00692611 /* LaunchScreen.storyboard in Resources */ = {isa = PBXBuildFile; fileRef = 3A83FCFC1FCFDE4B00692611 /* LaunchScreen.storyboard */; };
		3A83FD071FCFDEAE00692611 /* LockTest.m in Sources */ = {isa = PBXBuildFile; fileRef = 3A83FD061FCFDEAE00692611 /* LockTest.m */; };
/* End PBXBuildFile section */

/* Begin PBXFileReference section */
		3A83FCEB1FCFDE4B00692611 /* ThreadLockDemo.app */ = {isa = PBXFileReference; explicitFileType = wrapper.application; includeInIndex = 0; path = ThreadLockDemo.app; sourceTree = BUILT_PRODUCTS_DIR; };
		3A83FCEF1FCFDE4B00692611 /* main.m */ = {isa = PBXFileReference; lastKnownFileType = sourcecode.c.objc; path = main.m; sourceTree = "<group>"; };
		3A83FCF11FCFDE4B00692611 /* AppDelegate.h */ = {isa = PBXFileReference; lastKnownFileType = sourcecode.c.h; path = AppDelegate.h; sourceTree = "<group>"; };
		3A83FCF21FCFDE4B00692611 /* AppDelegate.m */ = {isa = PBXFileReference; lastKnownFileType = sourcecode.c.objc; path = AppDelegate.m; sourceTree = "<group>"; };
		3A83FCF41FCFDE4B00692611 /* ViewController.h */ = {isa = PBXFileReference; lastKnownFileType = sourcecode.c.h; path = ViewController.h; sourceTree = "<group>"; };
		3A83FCF51FCFDE4B00692611 /* ViewController.m */ = {isa = PBXFileReference; lastKnownFileType = sourcecode.c.objc; path = ViewController.m; sourceTree = "<group>"; };
		3A83FCF81FCFDE4B00692611 /* Base */ = {isa = PBXFileReference; lastKnownFileType = file.storyboard; name = Base; path = Base.lproj/Main.storyboard; sourceTree = "<group>"; };
		3A83FCFA1FCFDE4B00692611 /* Assets.xcassets */ = {isa = PBXFileReference; lastKnownFileType = folder.assetcatalog; path = Assets.xcassets; sourceTree = "<group>"; };
		3A83FCFD1FCFDE4B00692611 /* Base */ = {isa = PBXFileReference; lastKnownFileType = file.storyboard; name = Base; path = Base.lproj/LaunchScreen.storyboard; sourceTree = "<group>"; };
		3A83FCFF1FCFDE4B00692611 /* Info.plist */ = {isa = PBXFileReference; lastKnownFileType = text.plist.xml; path = Info.plist; sourceTree = "<group>"; };
		3A83FD051FCFDEAE00692611 /* LockTest.h */ = {isa = PBXFileReference; fileEncoding = 4; lastKnownFileType = sourcecode.c.h; path = LockTest.h; sourceTree = "<group>"; };
		3A83FD061FCFDEAE00692611 /* LockTest.m */ = {isa = PBXFileReference; fileEncoding = 4; lastKnownFileType = sourcecode.c.objc; path = LockTest.m; sourceTree = "<group>"; };
/* End PBXFileReference section */

/* Begin PBXFrameworksBuildPhase section */
		3A83FCE81FCFDE4B00692611 /* Frameworks */ = {
			isa = PBXFrameworksBuildPhase;
			buildActionMask = 2147483647;
			files = (
			);
			runOnlyForDeploymentPostprocessing = 0;
		};
/* End PBXFrameworksBuildPhase section */

/* Begin PBXGroup section */
		3A83FCE21FCFDE4B00692611 = {
			isa = PBXGroup;
			children = (
				3A83FCED1FCFDE4B00692611 /* ThreadLockDemo */,
				3A83FCEC1FCFDE4B00692611 /* Products */,
			);
			sourceTree = "<group>";
		};
		3A83FCEC1FCFDE4B00692611 /* Products */ = {
			isa = PBXGroup;
			children = (
				3A83FCEB1FCFDE4B00692611 /* ThreadLockDemo.app */,
			);
			name = Products;
			sourceTree = "<group>";
		};
		3A83FCED1FCFDE4B00692611 /* ThreadLockDemo */ = {
			isa = PBXGroup;
			children = (
				3A83FD081FCFDEB600692611 /* TestCase */,
				3A83FCF11FCFDE4B00692611 /* AppDelegate.h */,
				3A83FCF21FCFDE4B00692611 /* AppDelegate.m */,
				3A83FCF41FCFDE4B00692611 /* ViewController.h */,
				3A83FCF51FCFDE4B00692611 /* ViewController.m */,
				3A83FCF71FCFDE4B00692611 /* Main.storyboard */,
				3A83FCFA1FCFDE4B00692611 /* Assets.xcassets */,
				3A83FCFC1FCFDE4B00692611 /* LaunchScreen.storyboard */,
				3A83FCFF1FCFDE4B00692611 /* Info.plist */,
				3A83FCEE1FCFDE4B00692611 /* Supporting Files */,
			);
			path = ThreadLockDemo;
			sourceTree = "<group>";
		};
		3A83FCEE1FCFDE4B00692611 /* Supporting Files */ = {
			isa = PBXGroup;
			children = (
				3A83FCEF1FCFDE4B00692611 /* main.m */,
			);
			name = "Supporting Files";
			sourceTree = "<group>";
		};
		3A83FD081FCFDEB600692611 /* TestCase */ = {
			isa = PBXGroup;
			children = (
				3A83FD051FCFDEAE00692611 /* LockTest.h */,
				3A83FD061FCFDEAE00692611 /* LockTest.m */,
			);
			name = TestCase;
			sourceTree = "<group>";
		};
/* End PBXGroup section */

/* Begin PBXNativeTarget section */
		3A83FCEA1FCFDE4B00692611 /* ThreadLockDemo */ = {
			isa = PBXNativeTarget;
			buildConfigurationList = 3A83FD021FCFDE4B00692611 /* Build configuration list for PBXNativeTarget "ThreadLockDemo" */;
			buildPhases = (
				3A83FCE71FCFDE4B00692611 /* Sources */,
				3A83FCE81FCFDE4B00692611 /* Frameworks */,
				3A83FCE91FCFDE4B00692611 /* Resources */,
			);
			buildRules = (
			);
			dependencies = (
			);
			name = ThreadLockDemo;
			productName = ThreadLockDemo;
			productReference = 3A83FCEB1FCFDE4B00692611 /* ThreadLockDemo.app */;
			productType = "com.apple.product-type.application";
		};
/* End PBXNativeTarget section */

/* Begin PBXProject section */
		3A83FCE31FCFDE4B00692611 /* Project object */ = {
			isa = PBXProject;
			attributes = {
				LastUpgradeCheck = 0830;
				ORGANIZATIONNAME = kscorpio;
				TargetAttributes = {
					3A83FCEA1FCFDE4B00692611 = {
						CreatedOnToolsVersion = 8.3.3;
						ProvisioningStyle = Automatic;
					};
				};
			};
			buildConfigurationList = 3A83FCE61FCFDE4B00692611 /* Build configuration list for PBXProject "ThreadLockDemo" */;
			compatibilityVersion = "Xcode 3.2";
			developmentRegion = English;
			hasScannedForEncodings = 0;
			knownRegions = (
				en,
				Base,
			);
			mainGroup = 3A83FCE21FCFDE4B00692611;
			productRefGroup = 3A83FCEC1FCFDE4B00692611 /* Products */;
			projectDirPath = "";
			projectRoot = "";
			targets = (
				3A83FCEA1FCFDE4B00692611 /* ThreadLockDemo */,
			);
		};
/* End PBXProject section */

/* Begin PBXResourcesBuildPhase section */
		3A83FCE91FCFDE4B00692611 /* Resources */ = {
			isa = PBXResourcesBuildPhase;
			buildActionMask = 2147483647;
			files = (
				3A83FCFE1FCFDE4B00692611 /* LaunchScreen.storyboard in Resources */,
				3A83FCFB1FCFDE4B00692611 /* Assets.xcassets in Resources */,
				3A83FCF91FCFDE4B00692611 /* Main.storyboard in Resources */,
			);
			runOnlyForDeploymentPostprocessing = 0;
		};
/* End PBXResourcesBuildPhase section */

/* Begin PBXSourcesBuildPhase section */
		3A83FCE71FCFDE4B00692611 /* Sources */ = {
			isa = PBXSourcesBuildPhase;
			buildActionMask = 2147483647;
			files = (
				3A83FCF61FCFDE4B00692611 /* ViewController.m in Sources */,
				3A83FCF31FCFDE4B00692611 /* AppDelegate.m in Sources */,
				3A83FD071FCFDEAE00692611 /* LockTest.m in Sources */,
				3A83FCF01FCFDE4B00692611 /* main.m in Sources */,
			);
			runOnlyForDeploymentPostprocessing = 0;
		};
/* End PBXSourcesBuildPhase section */

/* Begin PBXVariantGroup section */
		3A83FCF71FCFDE4B00692611 /* Main.storyboard */ = {
			isa = PBXVariantGroup;
			children = (
				3A83FCF81FCFDE4B00692611 /* Base */,
			);
			name = Main.storyboard;
			sourceTree = "<group>";
		};
		3A83FCFC1FCFDE4B00692611 /* LaunchScreen.storyboard */ = {
			isa = PBXVariantGroup;
			children = (
				3A83FCFD1FCFDE4B00692611 /* Base */,
			);
			name = LaunchScreen.storyboard;
			sourceTree = "<group>";
		};
/* End PBXVariantGroup section */

/* Begin XCBuildConfiguration section */
		3A83FD001FCFDE4B00692611 /* Debug */ = {
			isa = XCBuildConfiguration;
			buildSettings = {
				ALWAYS_SEARCH_USER_PATHS = NO;
				CLANG_ANALYZER_NONNULL = YES;
				CLANG_ANALYZER_NUMBER_OBJECT_CONVERSION = YES_AGGRESSIVE;
				CLANG_CXX_LANGUAGE_STANDARD = "gnu++0x";
				CLANG_CXX_LIBRARY = "libc++";
				CLANG_ENABLE_MODULES = YES;
				CLANG_ENABLE_OBJC_ARC = YES;
				CLANG_WARN_BOOL_CONVERSION = YES;
				CLANG_WARN_CONSTANT_CONVERSION = YES;
				CLANG_WARN_DIRECT_OBJC_ISA_USAGE = YES_ERROR;
				CLANG_WARN_DOCUMENTATION_COMMENTS = YES;
				CLANG_WARN_EMPTY_BODY = YES;
				CLANG_WARN_ENUM_CONVERSION = YES;
				CLANG_WARN_INFINITE_RECURSION = YES;
				CLANG_WARN_INT_CONVERSION = YES;
				CLANG_WARN_OBJC_ROOT_CLASS = YES_ERROR;
				CLANG_WARN_SUSPICIOUS_MOVE = YES;
				CLANG_WARN_UNREACHABLE_CODE = YES;
				CLANG_WARN__DUPLICATE_METHOD_MATCH = YES;
				"CODE_SIGN_IDENTITY[sdk=iphoneos*]" = "iPhone Developer";
				COPY_PHASE_STRIP = NO;
				DEBUG_INFORMATION_FORMAT = dwarf;
				ENABLE_STRICT_OBJC_MSGSEND = YES;
				ENABLE_TESTABILITY = YES;
				GCC_C_LANGUAGE_STANDARD = gnu99;
				GCC_DYNAMIC_NO_PIC = NO;
				GCC_NO_COMMON_BLOCKS = YES;
				GCC_OPTIMIZATION_LEVEL = 0;
				GCC_PREPROCESSOR_DEFINITIONS = (
					"DEBUG=1",
					"$(inherited)",
				);
				GCC_WARN_64_TO_32_BIT_CONVERSION = YES;
				GCC_WARN_ABOUT_RETURN_TYPE = YES_ERROR;
				GCC_WARN_UNDECLARED_SELECTOR = YES;
				GCC_WARN_UNINITIALIZED_AUTOS = YES_AGGRESSIVE;
				GCC_WARN_UNUSED_FUNCTION = YES;
				GCC_WARN_UNUSED_VARIABLE = YES;
				IPHONEOS_DEPLOYMENT_TARGET = 10.3;
				MTL_ENABLE_DEBUG_INFO = YES;
				ONLY_ACTIVE_ARCH = YES;
				SDKROOT = iphoneos;
			};
			name = Debug;
		};
		3A83FD011FCFDE4B00692611 /* Release */ = {
			isa = XCBuildConfiguration;
			buildSettings = {
				ALWAYS_SEARCH_USER_PATHS = NO;
				CLANG_ANALYZER_NONNULL = YES;
				CLANG_ANALYZER_NUMBER_OBJECT_CONVERSION = YES_AGGRESSIVE;
				CLANG_CXX_LANGUAGE_STANDARD = "gnu++0x";
				CLANG_CXX_LIBRARY = "libc++";
				CLANG_ENABLE_MODULES = YES;
				CLANG_ENABLE_OBJC_ARC = YES;
				CLANG_WARN_BOOL_CONVERSION = YES;
				CLANG_WARN_CONSTANT_CONVERSION = YES;
				CLANG_WARN_DIRECT_OBJC_ISA_USAGE = YES_ERROR;
				CLANG_WARN_DOCUMENTATION_COMMENTS = YES;
				CLANG_WARN_EMPTY_BODY = YES;
				CLANG_WARN_ENUM_CONVERSION = YES;
				CLANG_WARN_INFINITE_RECURSION = YES;
				CLANG_WARN_INT_CONVERSION = YES;
				CLANG_WARN_OBJC_ROOT_CLASS = YES_ERROR;
				CLANG_WARN_SUSPICIOUS_MOVE = YES;
				CLANG_WARN_UNREACHABLE_CODE = YES;
				CLANG_WARN__DUPLICATE_METHOD_MATCH = YES;
				"CODE_SIGN_IDENTITY[sdk=iphoneos*]" = "iPhone Developer";
				COPY_PHASE_STRIP = NO;
				DEBUG_INFORMATION_FORMAT = "dwarf-with-dsym";
				ENABLE_NS_ASSERTIONS = NO;
				ENABLE_STRICT_OBJC_MSGSEND = YES;
				GCC_C_LANGUAGE_STANDARD = gnu99;
				GCC_NO_COMMON_BLOCKS = YES;
				GCC_WARN_64_TO_32_BIT_CONVERSION = YES;
				GCC_WARN_ABOUT_RETURN_TYPE = YES_ERROR;
				GCC_WARN_UNDECLARED_SELECTOR = YES;
				GCC_WARN_UNINITIALIZED_AUTOS = YES_AGGRESSIVE;
				GCC_WARN_UNUSED_FUNCTION = YES;
				GCC_WARN_UNUSED_VARIABLE = YES;
				IPHONEOS_DEPLOYMENT_TARGET = 10.3;
				MTL_ENABLE_DEBUG_INFO = NO;
				SDKROOT = iphoneos;
				VALIDATE_PRODUCT = YES;
			};
			name = Release;
		};
		3A83FD031FCFDE4B00692611 /* Debug */ = {
			isa = XCBuildConfiguration;
			buildSettings = {
				ASSETCATALOG_COMPILER_APPICON_NAME = AppIcon;
				INFOPLIST_FILE = ThreadLockDemo/Info.plist;
				LD_RUNPATH_SEARCH_PATHS = "$(inherited) @executable_path/Frameworks";
				PRODUCT_BUNDLE_IDENTIFIER = com.kscorpio.ThreadLockDemo;
				PRODUCT_NAME = "$(TARGET_NAME)";
			};
			name = Debug;
		};
		3A83FD041FCFDE4B00692611 /* Release */ = {
			isa = XCBuildConfiguration;
			buildSettings = {
				ASSETCATALOG_COMPILER_APPICON_NAME = AppIcon;
				INFOPLIST_FILE = ThreadLockDemo/Info.plist;
				LD_RUNPATH_SEARCH_PATHS = "$(inherited) @executable_path/Frameworks";
				PRODUCT_BUNDLE_IDENTIFIER = com.kscorpio.ThreadLockDemo;
				PRODUCT_NAME = "$(TARGET_NAME)";
			};
			name = Release;
		};
/* End XCBuildConfiguration section */

/* Begin XCConfigurationList section */
		3A83FCE61FCFDE4B00692611 /* Build configuration list for PBXProject "ThreadLockDemo" */ = {
			isa = XCConfigurationList;
			buildConfigurations = (
				3A83FD001FCFDE4B00692611 /* Debug */,
				3A83FD011FCFDE4B00692611 /* Release */,
			);
			defaultConfigurationIsVisible = 0;
			defaultConfigurationName = Release;
		};
		3A83FD021FCFDE4B00692611 /* Build configuration list for PBXNativeTarget "ThreadLockDemo" */ = {
			isa = XCConfigurationList;
			buildConfigurations = (
				3A83FD031FCFDE4B00692611 /* Debug */,
				3A83FD041FCFDE4B00692611 /* Release */,
			);
			defaultConfigurationIsVisible = 0;
			defaultConfigurationName = Release;
		};
/* End XCConfigurationList section */
	};
	rootObject = 3A83FCE31FCFDE4B00692611 /* Project object */;
}
